PODS:
  - HFCardCollectionViewLayout (0.4.2)

DEPENDENCIES:
  - HFCardCollectionViewLayout (from `../`)

EXTERNAL SOURCES:
  HFCardCollectionViewLayout:
    :path: "../"

SPEC CHECKSUMS:
  HFCardCollectionViewLayout: 687d5d92c434785a2ee0d8b9331c9bef41b07b66

PODFILE CHECKSUM: 234325b1b12e2e74244c12d2d31fa748e550f0f2

COCOAPODS: 1.5.3
